
Microsoft Visual Studio Solution File, Format Version 12.00
# Visual Studio Version 16
VisualStudioVersion = 25.0.1704.3
MinimumVisualStudioVersion = 10.0.40219.1
Project("{FAE04EC0-301F-11D3-BF4B-00C04F79EFBC}") = "ParkingProject", "ParkingProject.csproj", "{4303CDF4-A3D3-4E44-BF54-CA51582026AA}"
EndProject
Project("{FAE04EC0-301F-11D3-BF4B-00C04F79EFBC}") = "UnitTest", "ParkingTest\UnitTest.csproj", "{5113BE6D-3137-443C-BA59-BC4F3AEC1C3E}"
EndProject
Global
	GlobalSection(SolutionConfigurationPlatforms) = preSolution
		Debug|Any CPU = Debug|Any CPU
		Release|Any CPU = Release|Any CPU
	EndGlobalSection
	GlobalSection(ProjectConfigurationPlatforms) = postSolution
		{4303CDF4-A3D3-4E44-BF54-CA51582026AA}.Debug|Any CPU.ActiveCfg = Debug|Any CPU
		{4303CDF4-A3D3-4E44-BF54-CA51582026AA}.Debug|Any CPU.Build.0 = Debug|Any CPU
		{4303CDF4-A3D3-4E44-BF54-CA51582026AA}.Release|Any CPU.ActiveCfg = Release|Any CPU
		{4303CDF4-A3D3-4E44-BF54-CA51582026AA}.Release|Any CPU.Build.0 = Release|Any CPU
		{5113BE6D-3137-443C-BA59-BC4F3AEC1C3E}.Debug|Any CPU.ActiveCfg = Debug|Any CPU
		{5113BE6D-3137-443C-BA59-BC4F3AEC1C3E}.Debug|Any CPU.Build.0 = Debug|Any CPU
		{5113BE6D-3137-443C-BA59-BC4F3AEC1C3E}.Release|Any CPU.ActiveCfg = Release|Any CPU
		{5113BE6D-3137-443C-BA59-BC4F3AEC1C3E}.Release|Any CPU.Build.0 = Release|Any CPU
	EndGlobalSection
	GlobalSection(SolutionProperties) = preSolution
		HideSolutionNode = FALSE
	EndGlobalSection
	GlobalSection(ExtensibilityGlobals) = postSolution
		SolutionGuid = {39843D00-AA68-4348-912E-12CF825AC492}
	EndGlobalSection
EndGlobal
